
Microsoft Visual Studio Solution File, Format Version 12.00
# Visual Studio 14
VisualStudioVersion = 14.0.25420.1
MinimumVisualStudioVersion = 10.0.40219.1
Project("{FAE04EC0-301F-11D3-BF4B-00C04F79EFBC}") = "pizzas", "pizzas\pizzas.csproj", "{B1428779-0DD2-44D0-B83C-CD873A484729}"
EndProject
Global
	GlobalSection(SolutionConfigurationPlatforms) = preSolution
		Debug|Any CPU = Debug|Any CPU
		Release|Any CPU = Release|Any CPU
	EndGlobalSection
	GlobalSection(ProjectConfigurationPlatforms) = postSolution
		{B1428779-0DD2-44D0-B83C-CD873A484729}.Debug|Any CPU.ActiveCfg = Debug|Any CPU
		{B1428779-0DD2-44D0-B83C-CD873A484729}.Debug|Any CPU.Build.0 = Debug|Any CPU
		{B1428779-0DD2-44D0-B83C-CD873A484729}.Release|Any CPU.ActiveCfg = Release|Any CPU
		{B1428779-0DD2-44D0-B83C-CD873A484729}.Release|Any CPU.Build.0 = Release|Any CPU
	EndGlobalSection
	GlobalSection(SolutionProperties) = preSolution
		HideSolutionNode = FALSE
	EndGlobalSection
EndGlobal
